
Microsoft Visual Studio Solution File, Format Version 12.00
# Visual Studio 14
VisualStudioVersion = 14.0.25420.1
MinimumVisualStudioVersion = 10.0.40219.1
Project("{FAE04EC0-301F-11D3-BF4B-00C04F79EFBC}") = "ZUS.Zeus.BikeService", "ZUS.Zeus.BikeService\ZUS.Zeus.BikeService.csproj", "{0C24D57D-0F57-4F67-9752-A19CAEEEC8E3}"
EndProject
Project("{FAE04EC0-301F-11D3-BF4B-00C04F79EFBC}") = "ZUS.Zeus.Models", "ZUS.Zeus.Models\ZUS.Zeus.Models.csproj", "{BD355A3F-F68D-4669-AE51-5F5F0BDC4B23}"
EndProject
Project("{FAE04EC0-301F-11D3-BF4B-00C04F79EFBC}") = "ZUS.Zeus.Common", "ZUS.Zeus.Common\ZUS.Zeus.Common.csproj", "{CF97EEBE-4853-482F-B2F9-DBDD2BFB4765}"
EndProject
Project("{FAE04EC0-301F-11D3-BF4B-00C04F79EFBC}") = "ZUS.Zeus.Services", "ZUS.Zeus.Services\ZUS.Zeus.Services.csproj", "{B4BA7353-CA86-4282-BF84-3F8A1A3B358F}"
EndProject
Project("{FAE04EC0-301F-11D3-BF4B-00C04F79EFBC}") = "ZUS.Zeus.MicroService", "ZUS.Zeus.MicroService\ZUS.Zeus.MicroService.csproj", "{0A810E5A-BB43-4E7A-89E5-00A7A8913951}"
EndProject
Global
	GlobalSection(SolutionConfigurationPlatforms) = preSolution
		Debug|Any CPU = Debug|Any CPU
		Release|Any CPU = Release|Any CPU
	EndGlobalSection
	GlobalSection(ProjectConfigurationPlatforms) = postSolution
		{0C24D57D-0F57-4F67-9752-A19CAEEEC8E3}.Debug|Any CPU.ActiveCfg = Debug|Any CPU
		{0C24D57D-0F57-4F67-9752-A19CAEEEC8E3}.Debug|Any CPU.Build.0 = Debug|Any CPU
		{0C24D57D-0F57-4F67-9752-A19CAEEEC8E3}.Release|Any CPU.ActiveCfg = Release|Any CPU
		{0C24D57D-0F57-4F67-9752-A19CAEEEC8E3}.Release|Any CPU.Build.0 = Release|Any CPU
		{BD355A3F-F68D-4669-AE51-5F5F0BDC4B23}.Debug|Any CPU.ActiveCfg = Debug|Any CPU
		{BD355A3F-F68D-4669-AE51-5F5F0BDC4B23}.Debug|Any CPU.Build.0 = Debug|Any CPU
		{BD355A3F-F68D-4669-AE51-5F5F0BDC4B23}.Release|Any CPU.ActiveCfg = Release|Any CPU
		{BD355A3F-F68D-4669-AE51-5F5F0BDC4B23}.Release|Any CPU.Build.0 = Release|Any CPU
		{CF97EEBE-4853-482F-B2F9-DBDD2BFB4765}.Debug|Any CPU.ActiveCfg = Debug|Any CPU
		{CF97EEBE-4853-482F-B2F9-DBDD2BFB4765}.Debug|Any CPU.Build.0 = Debug|Any CPU
		{CF97EEBE-4853-482F-B2F9-DBDD2BFB4765}.Release|Any CPU.ActiveCfg = Release|Any CPU
		{CF97EEBE-4853-482F-B2F9-DBDD2BFB4765}.Release|Any CPU.Build.0 = Release|Any CPU
		{B4BA7353-CA86-4282-BF84-3F8A1A3B358F}.Debug|Any CPU.ActiveCfg = Debug|Any CPU
		{B4BA7353-CA86-4282-BF84-3F8A1A3B358F}.Debug|Any CPU.Build.0 = Debug|Any CPU
		{B4BA7353-CA86-4282-BF84-3F8A1A3B358F}.Release|Any CPU.ActiveCfg = Release|Any CPU
		{B4BA7353-CA86-4282-BF84-3F8A1A3B358F}.Release|Any CPU.Build.0 = Release|Any CPU
		{0A810E5A-BB43-4E7A-89E5-00A7A8913951}.Debug|Any CPU.ActiveCfg = Debug|Any CPU
		{0A810E5A-BB43-4E7A-89E5-00A7A8913951}.Debug|Any CPU.Build.0 = Debug|Any CPU
		{0A810E5A-BB43-4E7A-89E5-00A7A8913951}.Release|Any CPU.ActiveCfg = Release|Any CPU
		{0A810E5A-BB43-4E7A-89E5-00A7A8913951}.Release|Any CPU.Build.0 = Release|Any CPU
	EndGlobalSection
	GlobalSection(SolutionProperties) = preSolution
		HideSolutionNode = FALSE
	EndGlobalSection
EndGlobal
